
Microsoft Visual Studio Solution File, Format Version 12.00
# Visual Studio Version 16
VisualStudioVersion = 16.6.30114.105
MinimumVisualStudioVersion = 10.0.40219.1
Project("{2150E333-8FDC-42A3-9474-1A3956D46DE8}") = "Data", "Data", "{1E357170-3F96-4F7F-9D72-D68CE4507F96}"
EndProject
Project("{FAE04EC0-301F-11D3-BF4B-00C04F79EFBC}") = "HouseKeeping.Data", "Data\HouseKeeping.Data\HouseKeeping.Data.csproj", "{CA7DF61A-61D7-4FC0-89CF-9B34B044CCD1}"
EndProject
Project("{FAE04EC0-301F-11D3-BF4B-00C04F79EFBC}") = "HouseKeeping.Data.Model", "Data\HouseKeeping.Data.Model\HouseKeeping.Data.Model.csproj", "{0F2B4951-FB92-44AA-BF5D-12C392684405}"
EndProject
Project("{2150E333-8FDC-42A3-9474-1A3956D46DE8}") = "Service", "Service", "{11AA3F89-CF78-43CF-A7E8-B5A3F6E7DA0E}"
EndProject
Project("{FAE04EC0-301F-11D3-BF4B-00C04F79EFBC}") = "HouseKeeping.Service", "Service\HouseKeeping.Service\HouseKeeping.Service.csproj", "{E8E21D20-4FFE-4353-956D-79A9809C1340}"
EndProject
Project("{FAE04EC0-301F-11D3-BF4B-00C04F79EFBC}") = "HouseKeeping.Service.Model", "Service\HouseKeeping.Service.Model\HouseKeeping.Service.Model.csproj", "{284FB3A5-7DB5-4A85-BE66-5DCD1207D08A}"
EndProject
Project("{2150E333-8FDC-42A3-9474-1A3956D46DE8}") = "Web", "Web", "{87A507F1-28BC-46AA-9124-D89A1DCDEE0E}"
EndProject
Project("{FAE04EC0-301F-11D3-BF4B-00C04F79EFBC}") = "HouseKeeping.Web", "Web\HouseKeeping.Web\HouseKeeping.Web.csproj", "{99AE32EA-BB08-49F2-BED2-01F68D986E8E}"
EndProject
Project("{FAE04EC0-301F-11D3-BF4B-00C04F79EFBC}") = "HouseKeeping.Web.Models", "Web\HouseKeeping.Web.Models\HouseKeeping.Web.Models.csproj", "{983E82D9-3AF3-47DF-A4F5-92171E11E5A5}"
EndProject
Global
	GlobalSection(SolutionConfigurationPlatforms) = preSolution
		Debug|Any CPU = Debug|Any CPU
		Debug|x64 = Debug|x64
		Debug|x86 = Debug|x86
		Release|Any CPU = Release|Any CPU
		Release|x64 = Release|x64
		Release|x86 = Release|x86
	EndGlobalSection
	GlobalSection(SolutionProperties) = preSolution
		HideSolutionNode = FALSE
	EndGlobalSection
	GlobalSection(ProjectConfigurationPlatforms) = postSolution
		{CA7DF61A-61D7-4FC0-89CF-9B34B044CCD1}.Debug|Any CPU.ActiveCfg = Debug|Any CPU
		{CA7DF61A-61D7-4FC0-89CF-9B34B044CCD1}.Debug|Any CPU.Build.0 = Debug|Any CPU
		{CA7DF61A-61D7-4FC0-89CF-9B34B044CCD1}.Debug|x64.ActiveCfg = Debug|Any CPU
		{CA7DF61A-61D7-4FC0-89CF-9B34B044CCD1}.Debug|x64.Build.0 = Debug|Any CPU
		{CA7DF61A-61D7-4FC0-89CF-9B34B044CCD1}.Debug|x86.ActiveCfg = Debug|Any CPU
		{CA7DF61A-61D7-4FC0-89CF-9B34B044CCD1}.Debug|x86.Build.0 = Debug|Any CPU
		{CA7DF61A-61D7-4FC0-89CF-9B34B044CCD1}.Release|Any CPU.ActiveCfg = Release|Any CPU
		{CA7DF61A-61D7-4FC0-89CF-9B34B044CCD1}.Release|Any CPU.Build.0 = Release|Any CPU
		{CA7DF61A-61D7-4FC0-89CF-9B34B044CCD1}.Release|x64.ActiveCfg = Release|Any CPU
		{CA7DF61A-61D7-4FC0-89CF-9B34B044CCD1}.Release|x64.Build.0 = Release|Any CPU
		{CA7DF61A-61D7-4FC0-89CF-9B34B044CCD1}.Release|x86.ActiveCfg = Release|Any CPU
		{CA7DF61A-61D7-4FC0-89CF-9B34B044CCD1}.Release|x86.Build.0 = Release|Any CPU
		{0F2B4951-FB92-44AA-BF5D-12C392684405}.Debug|Any CPU.ActiveCfg = Debug|Any CPU
		{0F2B4951-FB92-44AA-BF5D-12C392684405}.Debug|Any CPU.Build.0 = Debug|Any CPU
		{0F2B4951-FB92-44AA-BF5D-12C392684405}.Debug|x64.ActiveCfg = Debug|Any CPU
		{0F2B4951-FB92-44AA-BF5D-12C392684405}.Debug|x64.Build.0 = Debug|Any CPU
		{0F2B4951-FB92-44AA-BF5D-12C392684405}.Debug|x86.ActiveCfg = Debug|Any CPU
		{0F2B4951-FB92-44AA-BF5D-12C392684405}.Debug|x86.Build.0 = Debug|Any CPU
		{0F2B4951-FB92-44AA-BF5D-12C392684405}.Release|Any CPU.ActiveCfg = Release|Any CPU
		{0F2B4951-FB92-44AA-BF5D-12C392684405}.Release|Any CPU.Build.0 = Release|Any CPU
		{0F2B4951-FB92-44AA-BF5D-12C392684405}.Release|x64.ActiveCfg = Release|Any CPU
		{0F2B4951-FB92-44AA-BF5D-12C392684405}.Release|x64.Build.0 = Release|Any CPU
		{0F2B4951-FB92-44AA-BF5D-12C392684405}.Release|x86.ActiveCfg = Release|Any CPU
		{0F2B4951-FB92-44AA-BF5D-12C392684405}.Release|x86.Build.0 = Release|Any CPU
		{E8E21D20-4FFE-4353-956D-79A9809C1340}.Debug|Any CPU.ActiveCfg = Debug|Any CPU
		{E8E21D20-4FFE-4353-956D-79A9809C1340}.Debug|Any CPU.Build.0 = Debug|Any CPU
		{E8E21D20-4FFE-4353-956D-79A9809C1340}.Debug|x64.ActiveCfg = Debug|Any CPU
		{E8E21D20-4FFE-4353-956D-79A9809C1340}.Debug|x64.Build.0 = Debug|Any CPU
		{E8E21D20-4FFE-4353-956D-79A9809C1340}.Debug|x86.ActiveCfg = Debug|Any CPU
		{E8E21D20-4FFE-4353-956D-79A9809C1340}.Debug|x86.Build.0 = Debug|Any CPU
		{E8E21D20-4FFE-4353-956D-79A9809C1340}.Release|Any CPU.ActiveCfg = Release|Any CPU
		{E8E21D20-4FFE-4353-956D-79A9809C1340}.Release|Any CPU.Build.0 = Release|Any CPU
		{E8E21D20-4FFE-4353-956D-79A9809C1340}.Release|x64.ActiveCfg = Release|Any CPU
		{E8E21D20-4FFE-4353-956D-79A9809C1340}.Release|x64.Build.0 = Release|Any CPU
		{E8E21D20-4FFE-4353-956D-79A9809C1340}.Release|x86.ActiveCfg = Release|Any CPU
		{E8E21D20-4FFE-4353-956D-79A9809C1340}.Release|x86.Build.0 = Release|Any CPU
		{284FB3A5-7DB5-4A85-BE66-5DCD1207D08A}.Debug|Any CPU.ActiveCfg = Debug|Any CPU
		{284FB3A5-7DB5-4A85-BE66-5DCD1207D08A}.Debug|Any CPU.Build.0 = Debug|Any CPU
		{284FB3A5-7DB5-4A85-BE66-5DCD1207D08A}.Debug|x64.ActiveCfg = Debug|Any CPU
		{284FB3A5-7DB5-4A85-BE66-5DCD1207D08A}.Debug|x64.Build.0 = Debug|Any CPU
		{284FB3A5-7DB5-4A85-BE66-5DCD1207D08A}.Debug|x86.ActiveCfg = Debug|Any CPU
		{284FB3A5-7DB5-4A85-BE66-5DCD1207D08A}.Debug|x86.Build.0 = Debug|Any CPU
		{284FB3A5-7DB5-4A85-BE66-5DCD1207D08A}.Release|Any CPU.ActiveCfg = Release|Any CPU
		{284FB3A5-7DB5-4A85-BE66-5DCD1207D08A}.Release|Any CPU.Build.0 = Release|Any CPU
		{284FB3A5-7DB5-4A85-BE66-5DCD1207D08A}.Release|x64.ActiveCfg = Release|Any CPU
		{284FB3A5-7DB5-4A85-BE66-5DCD1207D08A}.Release|x64.Build.0 = Release|Any CPU
		{284FB3A5-7DB5-4A85-BE66-5DCD1207D08A}.Release|x86.ActiveCfg = Release|Any CPU
		{284FB3A5-7DB5-4A85-BE66-5DCD1207D08A}.Release|x86.Build.0 = Release|Any CPU
		{99AE32EA-BB08-49F2-BED2-01F68D986E8E}.Debug|Any CPU.ActiveCfg = Debug|Any CPU
		{99AE32EA-BB08-49F2-BED2-01F68D986E8E}.Debug|Any CPU.Build.0 = Debug|Any CPU
		{99AE32EA-BB08-49F2-BED2-01F68D986E8E}.Debug|x64.ActiveCfg = Debug|Any CPU
		{99AE32EA-BB08-49F2-BED2-01F68D986E8E}.Debug|x64.Build.0 = Debug|Any CPU
		{99AE32EA-BB08-49F2-BED2-01F68D986E8E}.Debug|x86.ActiveCfg = Debug|Any CPU
		{99AE32EA-BB08-49F2-BED2-01F68D986E8E}.Debug|x86.Build.0 = Debug|Any CPU
		{99AE32EA-BB08-49F2-BED2-01F68D986E8E}.Release|Any CPU.ActiveCfg = Release|Any CPU
		{99AE32EA-BB08-49F2-BED2-01F68D986E8E}.Release|Any CPU.Build.0 = Release|Any CPU
		{99AE32EA-BB08-49F2-BED2-01F68D986E8E}.Release|x64.ActiveCfg = Release|Any CPU
		{99AE32EA-BB08-49F2-BED2-01F68D986E8E}.Release|x64.Build.0 = Release|Any CPU
		{99AE32EA-BB08-49F2-BED2-01F68D986E8E}.Release|x86.ActiveCfg = Release|Any CPU
		{99AE32EA-BB08-49F2-BED2-01F68D986E8E}.Release|x86.Build.0 = Release|Any CPU
		{983E82D9-3AF3-47DF-A4F5-92171E11E5A5}.Debug|Any CPU.ActiveCfg = Debug|Any CPU
		{983E82D9-3AF3-47DF-A4F5-92171E11E5A5}.Debug|Any CPU.Build.0 = Debug|Any CPU
		{983E82D9-3AF3-47DF-A4F5-92171E11E5A5}.Debug|x64.ActiveCfg = Debug|Any CPU
		{983E82D9-3AF3-47DF-A4F5-92171E11E5A5}.Debug|x64.Build.0 = Debug|Any CPU
		{983E82D9-3AF3-47DF-A4F5-92171E11E5A5}.Debug|x86.ActiveCfg = Debug|Any CPU
		{983E82D9-3AF3-47DF-A4F5-92171E11E5A5}.Debug|x86.Build.0 = Debug|Any CPU
		{983E82D9-3AF3-47DF-A4F5-92171E11E5A5}.Release|Any CPU.ActiveCfg = Release|Any CPU
		{983E82D9-3AF3-47DF-A4F5-92171E11E5A5}.Release|Any CPU.Build.0 = Release|Any CPU
		{983E82D9-3AF3-47DF-A4F5-92171E11E5A5}.Release|x64.ActiveCfg = Release|Any CPU
		{983E82D9-3AF3-47DF-A4F5-92171E11E5A5}.Release|x64.Build.0 = Release|Any CPU
		{983E82D9-3AF3-47DF-A4F5-92171E11E5A5}.Release|x86.ActiveCfg = Release|Any CPU
		{983E82D9-3AF3-47DF-A4F5-92171E11E5A5}.Release|x86.Build.0 = Release|Any CPU
	EndGlobalSection
	GlobalSection(NestedProjects) = preSolution
		{CA7DF61A-61D7-4FC0-89CF-9B34B044CCD1} = {1E357170-3F96-4F7F-9D72-D68CE4507F96}
		{0F2B4951-FB92-44AA-BF5D-12C392684405} = {1E357170-3F96-4F7F-9D72-D68CE4507F96}
		{E8E21D20-4FFE-4353-956D-79A9809C1340} = {11AA3F89-CF78-43CF-A7E8-B5A3F6E7DA0E}
		{284FB3A5-7DB5-4A85-BE66-5DCD1207D08A} = {11AA3F89-CF78-43CF-A7E8-B5A3F6E7DA0E}
		{99AE32EA-BB08-49F2-BED2-01F68D986E8E} = {87A507F1-28BC-46AA-9124-D89A1DCDEE0E}
		{983E82D9-3AF3-47DF-A4F5-92171E11E5A5} = {87A507F1-28BC-46AA-9124-D89A1DCDEE0E}
	EndGlobalSection
EndGlobal
